// !$*UTF8*$!
{
	archiveVersion = 1;
	classes = {
	};
	objectVersion = 50;
	objects = {

/* Begin PBXBuildFile section */
		22F1EA482343EB86007C2AEF /* AppDelegate.swift in Sources */ = {isa = PBXBuildFile; fileRef = 22F1EA472343EB86007C2AEF /* AppDelegate.swift */; };
		22F1EA4A2343EB86007C2AEF /* MainVC.swift in Sources */ = {isa = PBXBuildFile; fileRef = 22F1EA492343EB86007C2AEF /* MainVC.swift */; };
		22F1EA4D2343EB86007C2AEF /* Main.storyboard in Resources */ = {isa = PBXBuildFile; fileRef = 22F1EA4B2343EB86007C2AEF /* Main.storyboard */; };
		22F1EA4F2343EB86007C2AEF /* Assets.xcassets in Resources */ = {isa = PBXBuildFile; fileRef = 22F1EA4E2343EB86007C2AEF /* Assets.xcassets */; };
		22F1EA522343EB86007C2AEF /* LaunchScreen.storyboard in Resources */ = {isa = PBXBuildFile; fileRef = 22F1EA502343EB86007C2AEF /* LaunchScreen.storyboard */; };
		22F1EA5D2343EE4E007C2AEF /* CurrencyTextField.swift in Sources */ = {isa = PBXBuildFile; fileRef = 22F1EA5C2343EE4E007C2AEF /* CurrencyTextField.swift */; };
		22F1EA652343F56E007C2AEF /* _6_Window_ShopperTests.swift in Sources */ = {isa = PBXBuildFile; fileRef = 22F1EA642343F56E007C2AEF /* _6_Window_ShopperTests.swift */; };
		22F1EA6E2343F592007C2AEF /* Wage.swift in Sources */ = {isa = PBXBuildFile; fileRef = 22F1EA6D2343F592007C2AEF /* Wage.swift */; };
		22F1EA6F2343F6CC007C2AEF /* Wage.swift in Sources */ = {isa = PBXBuildFile; fileRef = 22F1EA6D2343F592007C2AEF /* Wage.swift */; };
/* End PBXBuildFile section */

/* Begin PBXContainerItemProxy section */
		22F1EA672343F56E007C2AEF /* PBXContainerItemProxy */ = {
			isa = PBXContainerItemProxy;
			containerPortal = 22F1EA3C2343EB86007C2AEF /* Project object */;
			proxyType = 1;
			remoteGlobalIDString = 22F1EA432343EB86007C2AEF;
			remoteInfo = "06-Window Shopper";
		};
/* End PBXContainerItemProxy section */

/* Begin PBXFileReference section */
		22F1EA442343EB86007C2AEF /* 06-Window Shopper.app */ = {isa = PBXFileReference; explicitFileType = wrapper.application; includeInIndex = 0; path = "06-Window Shopper.app"; sourceTree = BUILT_PRODUCTS_DIR; };
		22F1EA472343EB86007C2AEF /* AppDelegate.swift */ = {isa = PBXFileReference; lastKnownFileType = sourcecode.swift; path = AppDelegate.swift; sourceTree = "<group>"; };
		22F1EA492343EB86007C2AEF /* MainVC.swift */ = {isa = PBXFileReference; lastKnownFileType = sourcecode.swift; path = MainVC.swift; sourceTree = "<group>"; };
		22F1EA4C2343EB86007C2AEF /* Base */ = {isa = PBXFileReference; lastKnownFileType = file.storyboard; name = Base; path = Base.lproj/Main.storyboard; sourceTree = "<group>"; };
		22F1EA4E2343EB86007C2AEF /* Assets.xcassets */ = {isa = PBXFileReference; lastKnownFileType = folder.assetcatalog; path = Assets.xcassets; sourceTree = "<group>"; };
		22F1EA512343EB86007C2AEF /* Base */ = {isa = PBXFileReference; lastKnownFileType = file.storyboard; name = Base; path = Base.lproj/LaunchScreen.storyboard; sourceTree = "<group>"; };
		22F1EA532343EB86007C2AEF /* Info.plist */ = {isa = PBXFileReference; lastKnownFileType = text.plist.xml; path = Info.plist; sourceTree = "<group>"; };
		22F1EA5C2343EE4E007C2AEF /* CurrencyTextField.swift */ = {isa = PBXFileReference; lastKnownFileType = sourcecode.swift; path = CurrencyTextField.swift; sourceTree = "<group>"; };
		22F1EA622343F56E007C2AEF /* 06-Window ShopperTests.xctest */ = {isa = PBXFileReference; explicitFileType = wrapper.cfbundle; includeInIndex = 0; path = "06-Window ShopperTests.xctest"; sourceTree = BUILT_PRODUCTS_DIR; };
		22F1EA642343F56E007C2AEF /* _6_Window_ShopperTests.swift */ = {isa = PBXFileReference; lastKnownFileType = sourcecode.swift; path = _6_Window_ShopperTests.swift; sourceTree = "<group>"; };
		22F1EA662343F56E007C2AEF /* Info.plist */ = {isa = PBXFileReference; lastKnownFileType = text.plist.xml; path = Info.plist; sourceTree = "<group>"; };
		22F1EA6D2343F592007C2AEF /* Wage.swift */ = {isa = PBXFileReference; lastKnownFileType = sourcecode.swift; path = Wage.swift; sourceTree = "<group>"; };
/* End PBXFileReference section */

/* Begin PBXFrameworksBuildPhase section */
		22F1EA412343EB86007C2AEF /* Frameworks */ = {
			isa = PBXFrameworksBuildPhase;
			buildActionMask = 2147483647;
			files = (
			);
			runOnlyForDeploymentPostprocessing = 0;
		};
		22F1EA5F2343F56E007C2AEF /* Frameworks */ = {
			isa = PBXFrameworksBuildPhase;
			buildActionMask = 2147483647;
			files = (
			);
			runOnlyForDeploymentPostprocessing = 0;
		};
/* End PBXFrameworksBuildPhase section */

/* Begin PBXGroup section */
		22F1EA3B2343EB86007C2AEF = {
			isa = PBXGroup;
			children = (
				22F1EA462343EB86007C2AEF /* 06-Window Shopper */,
				22F1EA632343F56E007C2AEF /* 06-Window ShopperTests */,
				22F1EA452343EB86007C2AEF /* Products */,
			);
			sourceTree = "<group>";
		};
		22F1EA452343EB86007C2AEF /* Products */ = {
			isa = PBXGroup;
			children = (
				22F1EA442343EB86007C2AEF /* 06-Window Shopper.app */,
				22F1EA622343F56E007C2AEF /* 06-Window ShopperTests.xctest */,
			);
			name = Products;
			sourceTree = "<group>";
		};
		22F1EA462343EB86007C2AEF /* 06-Window Shopper */ = {
			isa = PBXGroup;
			children = (
				22F1EA5B2343ED43007C2AEF /* Model */,
				22F1EA5A2343ED3D007C2AEF /* View */,
				22F1EA592343ED34007C2AEF /* Controller */,
				22F1EA472343EB86007C2AEF /* AppDelegate.swift */,
				22F1EA4B2343EB86007C2AEF /* Main.storyboard */,
				22F1EA4E2343EB86007C2AEF /* Assets.xcassets */,
				22F1EA502343EB86007C2AEF /* LaunchScreen.storyboard */,
				22F1EA532343EB86007C2AEF /* Info.plist */,
			);
			path = "06-Window Shopper";
			sourceTree = "<group>";
		};
		22F1EA592343ED34007C2AEF /* Controller */ = {
			isa = PBXGroup;
			children = (
				22F1EA492343EB86007C2AEF /* MainVC.swift */,
			);
			path = Controller;
			sourceTree = "<group>";
		};
		22F1EA5A2343ED3D007C2AEF /* View */ = {
			isa = PBXGroup;
			children = (
				22F1EA5C2343EE4E007C2AEF /* CurrencyTextField.swift */,
			);
			path = View;
			sourceTree = "<group>";
		};
		22F1EA5B2343ED43007C2AEF /* Model */ = {
			isa = PBXGroup;
			children = (
				22F1EA6D2343F592007C2AEF /* Wage.swift */,
			);
			path = Model;
			sourceTree = "<group>";
		};
		22F1EA632343F56E007C2AEF /* 06-Window ShopperTests */ = {
			isa = PBXGroup;
			children = (
				22F1EA642343F56E007C2AEF /* _6_Window_ShopperTests.swift */,
				22F1EA662343F56E007C2AEF /* Info.plist */,
			);
			path = "06-Window ShopperTests";
			sourceTree = "<group>";
		};
/* End PBXGroup section */

/* Begin PBXNativeTarget section */
		22F1EA432343EB86007C2AEF /* 06-Window Shopper */ = {
			isa = PBXNativeTarget;
			buildConfigurationList = 22F1EA562343EB86007C2AEF /* Build configuration list for PBXNativeTarget "06-Window Shopper" */;
			buildPhases = (
				22F1EA402343EB86007C2AEF /* Sources */,
				22F1EA412343EB86007C2AEF /* Frameworks */,
				22F1EA422343EB86007C2AEF /* Resources */,
			);
			buildRules = (
			);
			dependencies = (
			);
			name = "06-Window Shopper";
			productName = "06-Window Shopper";
			productReference = 22F1EA442343EB86007C2AEF /* 06-Window Shopper.app */;
			productType = "com.apple.product-type.application";
		};
		22F1EA612343F56E007C2AEF /* 06-Window ShopperTests */ = {
			isa = PBXNativeTarget;
			buildConfigurationList = 22F1EA692343F56E007C2AEF /* Build configuration list for PBXNativeTarget "06-Window ShopperTests" */;
			buildPhases = (
				22F1EA5E2343F56E007C2AEF /* Sources */,
				22F1EA5F2343F56E007C2AEF /* Frameworks */,
				22F1EA602343F56E007C2AEF /* Resources */,
			);
			buildRules = (
			);
			dependencies = (
				22F1EA682343F56E007C2AEF /* PBXTargetDependency */,
			);
			name = "06-Window ShopperTests";
			productName = "06-Window ShopperTests";
			productReference = 22F1EA622343F56E007C2AEF /* 06-Window ShopperTests.xctest */;
			productType = "com.apple.product-type.bundle.unit-test";
		};
/* End PBXNativeTarget section */

/* Begin PBXProject section */
		22F1EA3C2343EB86007C2AEF /* Project object */ = {
			isa = PBXProject;
			attributes = {
				LastSwiftUpdateCheck = 1030;
				LastUpgradeCheck = 1030;
				ORGANIZATIONNAME = "hector delgado";
				TargetAttributes = {
					22F1EA432343EB86007C2AEF = {
						CreatedOnToolsVersion = 10.3;
					};
					22F1EA612343F56E007C2AEF = {
						CreatedOnToolsVersion = 10.3;
						TestTargetID = 22F1EA432343EB86007C2AEF;
					};
				};
			};
			buildConfigurationList = 22F1EA3F2343EB86007C2AEF /* Build configuration list for PBXProject "06-Window Shopper" */;
			compatibilityVersion = "Xcode 9.3";
			developmentRegion = en;
			hasScannedForEncodings = 0;
			knownRegions = (
				en,
				Base,
			);
			mainGroup = 22F1EA3B2343EB86007C2AEF;
			productRefGroup = 22F1EA452343EB86007C2AEF /* Products */;
			projectDirPath = "";
			projectRoot = "";
			targets = (
				22F1EA432343EB86007C2AEF /* 06-Window Shopper */,
				22F1EA612343F56E007C2AEF /* 06-Window ShopperTests */,
			);
		};
/* End PBXProject section */

/* Begin PBXResourcesBuildPhase section */
		22F1EA422343EB86007C2AEF /* Resources */ = {
			isa = PBXResourcesBuildPhase;
			buildActionMask = 2147483647;
			files = (
				22F1EA522343EB86007C2AEF /* LaunchScreen.storyboard in Resources */,
				22F1EA4F2343EB86007C2AEF /* Assets.xcassets in Resources */,
				22F1EA4D2343EB86007C2AEF /* Main.storyboard in Resources */,
			);
			runOnlyForDeploymentPostprocessing = 0;
		};
		22F1EA602343F56E007C2AEF /* Resources */ = {
			isa = PBXResourcesBuildPhase;
			buildActionMask = 2147483647;
			files = (
			);
			runOnlyForDeploymentPostprocessing = 0;
		};
/* End PBXResourcesBuildPhase section */

/* Begin PBXSourcesBuildPhase section */
		22F1EA402343EB86007C2AEF /* Sources */ = {
			isa = PBXSourcesBuildPhase;
			buildActionMask = 2147483647;
			files = (
				22F1EA5D2343EE4E007C2AEF /* CurrencyTextField.swift in Sources */,
				22F1EA6E2343F592007C2AEF /* Wage.swift in Sources */,
				22F1EA4A2343EB86007C2AEF /* MainVC.swift in Sources */,
				22F1EA482343EB86007C2AEF /* AppDelegate.swift in Sources */,
			);
			runOnlyForDeploymentPostprocessing = 0;
		};
		22F1EA5E2343F56E007C2AEF /* Sources */ = {
			isa = PBXSourcesBuildPhase;
			buildActionMask = 2147483647;
			files = (
				22F1EA652343F56E007C2AEF /* _6_Window_ShopperTests.swift in Sources */,
				22F1EA6F2343F6CC007C2AEF /* Wage.swift in Sources */,
			);
			runOnlyForDeploymentPostprocessing = 0;
		};
/* End PBXSourcesBuildPhase section */

/* Begin PBXTargetDependency section */
		22F1EA682343F56E007C2AEF /* PBXTargetDependency */ = {
			isa = PBXTargetDependency;
			target = 22F1EA432343EB86007C2AEF /* 06-Window Shopper */;
			targetProxy = 22F1EA672343F56E007C2AEF /* PBXContainerItemProxy */;
		};
/* End PBXTargetDependency section */

/* Begin PBXVariantGroup section */
		22F1EA4B2343EB86007C2AEF /* Main.storyboard */ = {
			isa = PBXVariantGroup;
			children = (
				22F1EA4C2343EB86007C2AEF /* Base */,
			);
			name = Main.storyboard;
			sourceTree = "<group>";
		};
		22F1EA502343EB86007C2AEF /* LaunchScreen.storyboard */ = {
			isa = PBXVariantGroup;
			children = (
				22F1EA512343EB86007C2AEF /* Base */,
			);
			name = LaunchScreen.storyboard;
			sourceTree = "<group>";
		};
/* End PBXVariantGroup section */

/* Begin XCBuildConfiguration section */
		22F1EA542343EB86007C2AEF /* Debug */ = {
			isa = XCBuildConfiguration;
			buildSettings = {
				ALWAYS_SEARCH_USER_PATHS = NO;
				CLANG_ANALYZER_NONNULL = YES;
				CLANG_ANALYZER_NUMBER_OBJECT_CONVERSION = YES_AGGRESSIVE;
				CLANG_CXX_LANGUAGE_STANDARD = "gnu++14";
				CLANG_CXX_LIBRARY = "libc++";
				CLANG_ENABLE_MODULES = YES;
				CLANG_ENABLE_OBJC_ARC = YES;
				CLANG_ENABLE_OBJC_WEAK = YES;
				CLANG_WARN_BLOCK_CAPTURE_AUTORELEASING = YES;
				CLANG_WARN_BOOL_CONVERSION = YES;
				CLANG_WARN_COMMA = YES;
				CLANG_WARN_CONSTANT_CONVERSION = YES;
				CLANG_WARN_DEPRECATED_OBJC_IMPLEMENTATIONS = YES;
				CLANG_WARN_DIRECT_OBJC_ISA_USAGE = YES_ERROR;
				CLANG_WARN_DOCUMENTATION_COMMENTS = YES;
				CLANG_WARN_EMPTY_BODY = YES;
				CLANG_WARN_ENUM_CONVERSION = YES;
				CLANG_WARN_INFINITE_RECURSION = YES;
				CLANG_WARN_INT_CONVERSION = YES;
				CLANG_WARN_NON_LITERAL_NULL_CONVERSION = YES;
				CLANG_WARN_OBJC_IMPLICIT_RETAIN_SELF = YES;
				CLANG_WARN_OBJC_LITERAL_CONVERSION = YES;
				CLANG_WARN_OBJC_ROOT_CLASS = YES_ERROR;
				CLANG_WARN_RANGE_LOOP_ANALYSIS = YES;
				CLANG_WARN_STRICT_PROTOTYPES = YES;
				CLANG_WARN_SUSPICIOUS_MOVE = YES;
				CLANG_WARN_UNGUARDED_AVAILABILITY = YES_AGGRESSIVE;
				CLANG_WARN_UNREACHABLE_CODE = YES;
				CLANG_WARN__DUPLICATE_METHOD_MATCH = YES;
				CODE_SIGN_IDENTITY = "iPhone Developer";
				COPY_PHASE_STRIP = NO;
				DEBUG_INFORMATION_FORMAT = dwarf;
				ENABLE_STRICT_OBJC_MSGSEND = YES;
				ENABLE_TESTABILITY = YES;
				GCC_C_LANGUAGE_STANDARD = gnu11;
				GCC_DYNAMIC_NO_PIC = NO;
				GCC_NO_COMMON_BLOCKS = YES;
				GCC_OPTIMIZATION_LEVEL = 0;
				GCC_PREPROCESSOR_DEFINITIONS = (
					"DEBUG=1",
					"$(inherited)",
				);
				GCC_WARN_64_TO_32_BIT_CONVERSION = YES;
				GCC_WARN_ABOUT_RETURN_TYPE = YES_ERROR;
				GCC_WARN_UNDECLARED_SELECTOR = YES;
				GCC_WARN_UNINITIALIZED_AUTOS = YES_AGGRESSIVE;
				GCC_WARN_UNUSED_FUNCTION = YES;
				GCC_WARN_UNUSED_VARIABLE = YES;
				IPHONEOS_DEPLOYMENT_TARGET = 12.4;
				MTL_ENABLE_DEBUG_INFO = INCLUDE_SOURCE;
				MTL_FAST_MATH = YES;
				ONLY_ACTIVE_ARCH = YES;
				SDKROOT = iphoneos;
				SWIFT_ACTIVE_COMPILATION_CONDITIONS = DEBUG;
				SWIFT_OPTIMIZATION_LEVEL = "-Onone";
			};
			name = Debug;
		};
		22F1EA552343EB86007C2AEF /* Release */ = {
			isa = XCBuildConfiguration;
			buildSettings = {
				ALWAYS_SEARCH_USER_PATHS = NO;
				CLANG_ANALYZER_NONNULL = YES;
				CLANG_ANALYZER_NUMBER_OBJECT_CONVERSION = YES_AGGRESSIVE;
				CLANG_CXX_LANGUAGE_STANDARD = "gnu++14";
				CLANG_CXX_LIBRARY = "libc++";
				CLANG_ENABLE_MODULES = YES;
				CLANG_ENABLE_OBJC_ARC = YES;
				CLANG_ENABLE_OBJC_WEAK = YES;
				CLANG_WARN_BLOCK_CAPTURE_AUTORELEASING = YES;
				CLANG_WARN_BOOL_CONVERSION = YES;
				CLANG_WARN_COMMA = YES;
				CLANG_WARN_CONSTANT_CONVERSION = YES;
				CLANG_WARN_DEPRECATED_OBJC_IMPLEMENTATIONS = YES;
				CLANG_WARN_DIRECT_OBJC_ISA_USAGE = YES_ERROR;
				CLANG_WARN_DOCUMENTATION_COMMENTS = YES;
				CLANG_WARN_EMPTY_BODY = YES;
				CLANG_WARN_ENUM_CONVERSION = YES;
				CLANG_WARN_INFINITE_RECURSION = YES;
				CLANG_WARN_INT_CONVERSION = YES;
				CLANG_WARN_NON_LITERAL_NULL_CONVERSION = YES;
				CLANG_WARN_OBJC_IMPLICIT_RETAIN_SELF = YES;
				CLANG_WARN_OBJC_LITERAL_CONVERSION = YES;
				CLANG_WARN_OBJC_ROOT_CLASS = YES_ERROR;
				CLANG_WARN_RANGE_LOOP_ANALYSIS = YES;
				CLANG_WARN_STRICT_PROTOTYPES = YES;
				CLANG_WARN_SUSPICIOUS_MOVE = YES;
				CLANG_WARN_UNGUARDED_AVAILABILITY = YES_AGGRESSIVE;
				CLANG_WARN_UNREACHABLE_CODE = YES;
				CLANG_WARN__DUPLICATE_METHOD_MATCH = YES;
				CODE_SIGN_IDENTITY = "iPhone Developer";
				COPY_PHASE_STRIP = NO;
				DEBUG_INFORMATION_FORMAT = "dwarf-with-dsym";
				ENABLE_NS_ASSERTIONS = NO;
				ENABLE_STRICT_OBJC_MSGSEND = YES;
				GCC_C_LANGUAGE_STANDARD = gnu11;
				GCC_NO_COMMON_BLOCKS = YES;
				GCC_WARN_64_TO_32_BIT_CONVERSION = YES;
				GCC_WARN_ABOUT_RETURN_TYPE = YES_ERROR;
				GCC_WARN_UNDECLARED_SELECTOR = YES;
				GCC_WARN_UNINITIALIZED_AUTOS = YES_AGGRESSIVE;
				GCC_WARN_UNUSED_FUNCTION = YES;
				GCC_WARN_UNUSED_VARIABLE = YES;
				IPHONEOS_DEPLOYMENT_TARGET = 12.4;
				MTL_ENABLE_DEBUG_INFO = NO;
				MTL_FAST_MATH = YES;
				SDKROOT = iphoneos;
				SWIFT_COMPILATION_MODE = wholemodule;
				SWIFT_OPTIMIZATION_LEVEL = "-O";
				VALIDATE_PRODUCT = YES;
			};
			name = Release;
		};
		22F1EA572343EB86007C2AEF /* Debug */ = {
			isa = XCBuildConfiguration;
			buildSettings = {
				ASSETCATALOG_COMPILER_APPICON_NAME = AppIcon;
				CODE_SIGN_STYLE = Automatic;
				DEVELOPMENT_TEAM = 26666G9V78;
				INFOPLIST_FILE = "06-Window Shopper/Info.plist";
				LD_RUNPATH_SEARCH_PATHS = (
					"$(inherited)",
					"@executable_path/Frameworks",
				);
				PRODUCT_BUNDLE_IDENTIFIER = "com.hectordelgado.-6-Window-Shopper";
				PRODUCT_NAME = "$(TARGET_NAME)";
				SWIFT_VERSION = 5.0;
				TARGETED_DEVICE_FAMILY = "1,2";
			};
			name = Debug;
		};
		22F1EA582343EB86007C2AEF /* Release */ = {
			isa = XCBuildConfiguration;
			buildSettings = {
				ASSETCATALOG_COMPILER_APPICON_NAME = AppIcon;
				CODE_SIGN_STYLE = Automatic;
				DEVELOPMENT_TEAM = 26666G9V78;
				INFOPLIST_FILE = "06-Window Shopper/Info.plist";
				LD_RUNPATH_SEARCH_PATHS = (
					"$(inherited)",
					"@executable_path/Frameworks",
				);
				PRODUCT_BUNDLE_IDENTIFIER = "com.hectordelgado.-6-Window-Shopper";
				PRODUCT_NAME = "$(TARGET_NAME)";
				SWIFT_VERSION = 5.0;
				TARGETED_DEVICE_FAMILY = "1,2";
			};
			name = Release;
		};
		22F1EA6A2343F56E007C2AEF /* Debug */ = {
			isa = XCBuildConfiguration;
			buildSettings = {
				BUNDLE_LOADER = "$(TEST_HOST)";
				CODE_SIGN_STYLE = Automatic;
				DEVELOPMENT_TEAM = 26666G9V78;
				INFOPLIST_FILE = "06-Window ShopperTests/Info.plist";
				LD_RUNPATH_SEARCH_PATHS = (
					"$(inherited)",
					"@executable_path/Frameworks",
					"@loader_path/Frameworks",
				);
				PRODUCT_BUNDLE_IDENTIFIER = "com.hectordelgado.-6-Window-ShopperTests";
				PRODUCT_NAME = "$(TARGET_NAME)";
				SWIFT_VERSION = 5.0;
				TARGETED_DEVICE_FAMILY = "1,2";
				TEST_HOST = "$(BUILT_PRODUCTS_DIR)/06-Window Shopper.app/06-Window Shopper";
			};
			name = Debug;
		};
		22F1EA6B2343F56E007C2AEF /* Release */ = {
			isa = XCBuildConfiguration;
			buildSettings = {
				BUNDLE_LOADER = "$(TEST_HOST)";
				CODE_SIGN_STYLE = Automatic;
				DEVELOPMENT_TEAM = 26666G9V78;
				INFOPLIST_FILE = "06-Window ShopperTests/Info.plist";
				LD_RUNPATH_SEARCH_PATHS = (
					"$(inherited)",
					"@executable_path/Frameworks",
					"@loader_path/Frameworks",
				);
				PRODUCT_BUNDLE_IDENTIFIER = "com.hectordelgado.-6-Window-ShopperTests";
				PRODUCT_NAME = "$(TARGET_NAME)";
				SWIFT_VERSION = 5.0;
				TARGETED_DEVICE_FAMILY = "1,2";
				TEST_HOST = "$(BUILT_PRODUCTS_DIR)/06-Window Shopper.app/06-Window Shopper";
			};
			name = Release;
		};
/* End XCBuildConfiguration section */

/* Begin XCConfigurationList section */
		22F1EA3F2343EB86007C2AEF /* Build configuration list for PBXProject "06-Window Shopper" */ = {
			isa = XCConfigurationList;
			buildConfigurations = (
				22F1EA542343EB86007C2AEF /* Debug */,
				22F1EA552343EB86007C2AEF /* Release */,
			);
			defaultConfigurationIsVisible = 0;
			defaultConfigurationName = Release;
		};
		22F1EA562343EB86007C2AEF /* Build configuration list for PBXNativeTarget "06-Window Shopper" */ = {
			isa = XCConfigurationList;
			buildConfigurations = (
				22F1EA572343EB86007C2AEF /* Debug */,
				22F1EA582343EB86007C2AEF /* Release */,
			);
			defaultConfigurationIsVisible = 0;
			defaultConfigurationName = Release;
		};
		22F1EA692343F56E007C2AEF /* Build configuration list for PBXNativeTarget "06-Window ShopperTests" */ = {
			isa = XCConfigurationList;
			buildConfigurations = (
				22F1EA6A2343F56E007C2AEF /* Debug */,
				22F1EA6B2343F56E007C2AEF /* Release */,
			);
			defaultConfigurationIsVisible = 0;
			defaultConfigurationName = Release;
		};
/* End XCConfigurationList section */
	};
	rootObject = 22F1EA3C2343EB86007C2AEF /* Project object */;
}
